
Microsoft Visual Studio Solution File, Format Version 12.00
# Visual Studio Version 17
VisualStudioVersion = 17.13.35919.96 d17.13
MinimumVisualStudioVersion = 10.0.40219.1
Project("{FAE04EC0-301F-11D3-BF4B-00C04F79EFBC}") = "MarkoKosticIT6922", "MarkoKosticIT6922.csproj", "{35035192-2B56-4BFD-B2E6-9769672F7C8D}"
EndProject
Global
	GlobalSection(SolutionConfigurationPlatforms) = preSolution
		Debug|Any CPU = Debug|Any CPU
		Release|Any CPU = Release|Any CPU
	EndGlobalSection
	GlobalSection(ProjectConfigurationPlatforms) = postSolution
		{35035192-2B56-4BFD-B2E6-9769672F7C8D}.Debug|Any CPU.ActiveCfg = Debug|Any CPU
		{35035192-2B56-4BFD-B2E6-9769672F7C8D}.Debug|Any CPU.Build.0 = Debug|Any CPU
		{35035192-2B56-4BFD-B2E6-9769672F7C8D}.Release|Any CPU.ActiveCfg = Release|Any CPU
		{35035192-2B56-4BFD-B2E6-9769672F7C8D}.Release|Any CPU.Build.0 = Release|Any CPU
	EndGlobalSection
	GlobalSection(SolutionProperties) = preSolution
		HideSolutionNode = FALSE
	EndGlobalSection
	GlobalSection(ExtensibilityGlobals) = postSolution
		SolutionGuid = {C6D0B6D8-ADAE-4595-B86C-C16C7DE79380}
	EndGlobalSection
EndGlobal
